Microsoft Visual Studio Solution File, Format Version 11.00
# Visual Studio 2008

Project("{4143CE30-EF62-D6C6-CB32-AA357B02652E}") = "wobot", "Assembly-CSharp.csproj", "{BBBEE10C-661B-18AB-A3CD-3E7238EAAC6F}"
EndProject
Global
	GlobalSection(SolutionConfigurationPlatforms) = preSolution
		Debug|Any CPU = Debug|Any CPU
		Release|Any CPU = Release|Any CPU
	EndGlobalSection
	GlobalSection(ProjectConfigurationPlatforms) = postSolution
		{BBBEE10C-661B-18AB-A3CD-3E7238EAAC6F}.Debug|Any CPU.ActiveCfg = Debug|Any CPU
		{BBBEE10C-661B-18AB-A3CD-3E7238EAAC6F}.Debug|Any CPU.Build.0 = Debug|Any CPU
		{BBBEE10C-661B-18AB-A3CD-3E7238EAAC6F}.Release|Any CPU.ActiveCfg = Release|Any CPU
		{BBBEE10C-661B-18AB-A3CD-3E7238EAAC6F}.Release|Any CPU.Build.0 = Release|Any CPU
	EndGlobalSection
	GlobalSection(SolutionProperties) = preSolution
		HideSolutionNode = FALSE
	EndGlobalSection
	GlobalSection(MonoDevelopProperties) = preSolution
		StartupItem = Assembly-CSharp.csproj
	EndGlobalSection
EndGlobal
